PODS:
  - HImagePickerUtils (1.0.2)
  - ZXAutoScrollView (1.0.3)
  - ZXStructs (0.9.4)

DEPENDENCIES:
  - HImagePickerUtils
  - ZXAutoScrollView
  - ZXStructs (from `../`)

EXTERNAL SOURCES:
  ZXStructs:
    :path: ../

SPEC CHECKSUMS:
  HImagePickerUtils: 57900778b28622cac2450b71c79b13de80f49f1f
  ZXAutoScrollView: d5422479ed267482768c75582ea3684c5f173f5b
  ZXStructs: 66c65425d1486907e5a27495acf11470f7203f2b

PODFILE CHECKSUM: b4c6b35cd47fae39a882600c559918e6ee2ba704

COCOAPODS: 1.4.0.beta.2
